
Microsoft Visual Studio Solution File, Format Version 12.00
# Visual Studio Version 16
VisualStudioVersion = 16.0.29215.179
MinimumVisualStudioVersion = 10.0.40219.1
Project("{FAE04EC0-301F-11D3-BF4B-00C04F79EFBC}") = "camelGame", "camelGame.csproj", "{D46207C5-692D-49BB-8D42-4F6155F0CEC5}"
EndProject
Global
	GlobalSection(SolutionConfigurationPlatforms) = preSolution
		Debug|Any CPU = Debug|Any CPU
		Release|Any CPU = Release|Any CPU
	EndGlobalSection
	GlobalSection(ProjectConfigurationPlatforms) = postSolution
		{D46207C5-692D-49BB-8D42-4F6155F0CEC5}.Debug|Any CPU.ActiveCfg = Debug|Any CPU
		{D46207C5-692D-49BB-8D42-4F6155F0CEC5}.Debug|Any CPU.Build.0 = Debug|Any CPU
		{D46207C5-692D-49BB-8D42-4F6155F0CEC5}.Release|Any CPU.ActiveCfg = Release|Any CPU
		{D46207C5-692D-49BB-8D42-4F6155F0CEC5}.Release|Any CPU.Build.0 = Release|Any CPU
	EndGlobalSection
	GlobalSection(SolutionProperties) = preSolution
		HideSolutionNode = FALSE
	EndGlobalSection
	GlobalSection(ExtensibilityGlobals) = postSolution
		SolutionGuid = {FD423D42-666F-4038-8001-EE233701C154}
	EndGlobalSection
EndGlobal
